
Microsoft Visual Studio Solution File, Format Version 12.00
# Visual Studio Version 17
VisualStudioVersion = 17.7.34221.43
MinimumVisualStudioVersion = 10.0.40219.1
Project("{2150E333-8FDC-42A3-9474-1A3956D46DE8}") = "src", "src", "{D5FB5EEA-E83F-4793-85C0-1DD73674C848}"
EndProject
Project("{2150E333-8FDC-42A3-9474-1A3956D46DE8}") = "Api", "Api", "{32C388F7-C3F6-4891-8E42-26620709C49D}"
EndProject
Project("{2150E333-8FDC-42A3-9474-1A3956D46DE8}") = "Clients", "Clients", "{2EA54890-F020-4417-9C36-6F16349781B5}"
EndProject
Project("{2150E333-8FDC-42A3-9474-1A3956D46DE8}") = "Common", "Common", "{62CED83C-15EA-48BA-A11A-DDE399A76A63}"
EndProject
Project("{2150E333-8FDC-42A3-9474-1A3956D46DE8}") = "Projections", "Projections", "{91E969F8-F419-4B82-A5A3-5711FDE391E7}"
EndProject
Project("{2150E333-8FDC-42A3-9474-1A3956D46DE8}") = "Core", "Core", "{387ED4E8-C464-4F43-AA91-CE91CDEBFF06}"
EndProject
Project("{2150E333-8FDC-42A3-9474-1A3956D46DE8}") = "Infrastructure", "Infrastructure", "{07F4C833-9267-49E5-9CEF-4E6EE81EE10A}"
EndProject
Project("{2150E333-8FDC-42A3-9474-1A3956D46DE8}") = "WebApi", "WebApi", "{19CDE801-8B04-4AF4-87D0-08C4D3A59A97}"
EndProject
Project("{2150E333-8FDC-42A3-9474-1A3956D46DE8}") = "BlazorWeb", "BlazorWeb", "{CDF8E0C3-5E0A-4D4F-BD1B-D5528241243C}"
EndProject
Project("{9A19103F-16F7-4668-BE54-9A1E7A4F7556}") = "BlazorSozluk.Common", "src\Common\BlazorSozluk.Common\BlazorSozluk.Common.csproj", "{EE6A647D-8970-478F-9C26-BA0CEF11E4A2}"
EndProject
Project("{9A19103F-16F7-4668-BE54-9A1E7A4F7556}") = "BlazorSozluk.Api.Domain", "src\Api\Core\BlazorSozluk.Api.Domain\BlazorSozluk.Api.Domain.csproj", "{8ADF557F-D183-44D5-8D69-FDAF9621A444}"
EndProject
Project("{9A19103F-16F7-4668-BE54-9A1E7A4F7556}") = "BlazorSozluk.Api.Application", "src\Api\Core\BlazorSozluk.Api.Application\BlazorSozluk.Api.Application.csproj", "{61D5D8A9-DC5C-4D38-BD7F-AE6D3AE8AACE}"
EndProject
Project("{9A19103F-16F7-4668-BE54-9A1E7A4F7556}") = "BlazorSozluk.Infrastructure.Persistence", "src\Api\Infrastructure\BlazorSozluk.Infrastructure.Persistence\BlazorSozluk.Infrastructure.Persistence.csproj", "{EAF9C0AB-4115-4718-B71B-AAAD52B38257}"
EndProject
Project("{9A19103F-16F7-4668-BE54-9A1E7A4F7556}") = "BlazorSozluk.Api.WebApi", "src\Api\WebApi\BlazorSozluk.Api.WebApi\BlazorSozluk.Api.WebApi.csproj", "{FECF74CC-D8DB-4A3D-A067-21BBEE417A78}"
EndProject
Project("{9A19103F-16F7-4668-BE54-9A1E7A4F7556}") = "BlazorSozluk.Projections.FavoriteService", "src\Projections\BlazorSozluk.Projections.FavoriteService\BlazorSozluk.Projections.FavoriteService.csproj", "{C0DF77B3-EC43-447D-BDD1-B61581E8857C}"
EndProject
Project("{9A19103F-16F7-4668-BE54-9A1E7A4F7556}") = "BlazorSozluk.Projections.VoteService", "src\Projections\BlazorSozluk.Projections.VoteService\BlazorSozluk.Projections.VoteService.csproj", "{DC1F4E7D-23EF-4ED3-86BE-EDC9749CC737}"
EndProject
Project("{9A19103F-16F7-4668-BE54-9A1E7A4F7556}") = "BlazorSozluk.Projections.UserSevice", "src\Projections\BlazorSozluk.Projections.UserSevice\BlazorSozluk.Projections.UserSevice.csproj", "{B2217BD1-A323-4E31-AA20-70A29782775D}"
EndProject
Project("{9A19103F-16F7-4668-BE54-9A1E7A4F7556}") = "BlazorSozluk.WebApp", "src\Clients\BlazorWeb\BlazorSozluk.WebApp\BlazorSozluk.WebApp.csproj", "{786CE824-5E32-4429-8FAA-3BD22461C9F4}"
EndProject
Global
	GlobalSection(SolutionConfigurationPlatforms) = preSolution
		Debug|Any CPU = Debug|Any CPU
		Release|Any CPU = Release|Any CPU
	EndGlobalSection
	GlobalSection(ProjectConfigurationPlatforms) = postSolution
		{EE6A647D-8970-478F-9C26-BA0CEF11E4A2}.Debug|Any CPU.ActiveCfg = Debug|Any CPU
		{EE6A647D-8970-478F-9C26-BA0CEF11E4A2}.Debug|Any CPU.Build.0 = Debug|Any CPU
		{EE6A647D-8970-478F-9C26-BA0CEF11E4A2}.Release|Any CPU.ActiveCfg = Release|Any CPU
		{EE6A647D-8970-478F-9C26-BA0CEF11E4A2}.Release|Any CPU.Build.0 = Release|Any CPU
		{8ADF557F-D183-44D5-8D69-FDAF9621A444}.Debug|Any CPU.ActiveCfg = Debug|Any CPU
		{8ADF557F-D183-44D5-8D69-FDAF9621A444}.Debug|Any CPU.Build.0 = Debug|Any CPU
		{8ADF557F-D183-44D5-8D69-FDAF9621A444}.Release|Any CPU.ActiveCfg = Release|Any CPU
		{8ADF557F-D183-44D5-8D69-FDAF9621A444}.Release|Any CPU.Build.0 = Release|Any CPU
		{61D5D8A9-DC5C-4D38-BD7F-AE6D3AE8AACE}.Debug|Any CPU.ActiveCfg = Debug|Any CPU
		{61D5D8A9-DC5C-4D38-BD7F-AE6D3AE8AACE}.Debug|Any CPU.Build.0 = Debug|Any CPU
		{61D5D8A9-DC5C-4D38-BD7F-AE6D3AE8AACE}.Release|Any CPU.ActiveCfg = Release|Any CPU
		{61D5D8A9-DC5C-4D38-BD7F-AE6D3AE8AACE}.Release|Any CPU.Build.0 = Release|Any CPU
		{EAF9C0AB-4115-4718-B71B-AAAD52B38257}.Debug|Any CPU.ActiveCfg = Debug|Any CPU
		{EAF9C0AB-4115-4718-B71B-AAAD52B38257}.Debug|Any CPU.Build.0 = Debug|Any CPU
		{EAF9C0AB-4115-4718-B71B-AAAD52B38257}.Release|Any CPU.ActiveCfg = Release|Any CPU
		{EAF9C0AB-4115-4718-B71B-AAAD52B38257}.Release|Any CPU.Build.0 = Release|Any CPU
		{FECF74CC-D8DB-4A3D-A067-21BBEE417A78}.Debug|Any CPU.ActiveCfg = Debug|Any CPU
		{FECF74CC-D8DB-4A3D-A067-21BBEE417A78}.Debug|Any CPU.Build.0 = Debug|Any CPU
		{FECF74CC-D8DB-4A3D-A067-21BBEE417A78}.Release|Any CPU.ActiveCfg = Release|Any CPU
		{FECF74CC-D8DB-4A3D-A067-21BBEE417A78}.Release|Any CPU.Build.0 = Release|Any CPU
		{C0DF77B3-EC43-447D-BDD1-B61581E8857C}.Debug|Any CPU.ActiveCfg = Debug|Any CPU
		{C0DF77B3-EC43-447D-BDD1-B61581E8857C}.Debug|Any CPU.Build.0 = Debug|Any CPU
		{C0DF77B3-EC43-447D-BDD1-B61581E8857C}.Release|Any CPU.ActiveCfg = Release|Any CPU
		{C0DF77B3-EC43-447D-BDD1-B61581E8857C}.Release|Any CPU.Build.0 = Release|Any CPU
		{DC1F4E7D-23EF-4ED3-86BE-EDC9749CC737}.Debug|Any CPU.ActiveCfg = Debug|Any CPU
		{DC1F4E7D-23EF-4ED3-86BE-EDC9749CC737}.Debug|Any CPU.Build.0 = Debug|Any CPU
		{DC1F4E7D-23EF-4ED3-86BE-EDC9749CC737}.Release|Any CPU.ActiveCfg = Release|Any CPU
		{DC1F4E7D-23EF-4ED3-86BE-EDC9749CC737}.Release|Any CPU.Build.0 = Release|Any CPU
		{B2217BD1-A323-4E31-AA20-70A29782775D}.Debug|Any CPU.ActiveCfg = Debug|Any CPU
		{B2217BD1-A323-4E31-AA20-70A29782775D}.Debug|Any CPU.Build.0 = Debug|Any CPU
		{B2217BD1-A323-4E31-AA20-70A29782775D}.Release|Any CPU.ActiveCfg = Release|Any CPU
		{B2217BD1-A323-4E31-AA20-70A29782775D}.Release|Any CPU.Build.0 = Release|Any CPU
		{786CE824-5E32-4429-8FAA-3BD22461C9F4}.Debug|Any CPU.ActiveCfg = Debug|Any CPU
		{786CE824-5E32-4429-8FAA-3BD22461C9F4}.Debug|Any CPU.Build.0 = Debug|Any CPU
		{786CE824-5E32-4429-8FAA-3BD22461C9F4}.Release|Any CPU.ActiveCfg = Release|Any CPU
		{786CE824-5E32-4429-8FAA-3BD22461C9F4}.Release|Any CPU.Build.0 = Release|Any CPU
	EndGlobalSection
	GlobalSection(SolutionProperties) = preSolution
		HideSolutionNode = FALSE
	EndGlobalSection
	GlobalSection(NestedProjects) = preSolution
		{32C388F7-C3F6-4891-8E42-26620709C49D} = {D5FB5EEA-E83F-4793-85C0-1DD73674C848}
		{2EA54890-F020-4417-9C36-6F16349781B5} = {D5FB5EEA-E83F-4793-85C0-1DD73674C848}
		{62CED83C-15EA-48BA-A11A-DDE399A76A63} = {CDF8E0C3-5E0A-4D4F-BD1B-D5528241243C}
		{91E969F8-F419-4B82-A5A3-5711FDE391E7} = {D5FB5EEA-E83F-4793-85C0-1DD73674C848}
		{387ED4E8-C464-4F43-AA91-CE91CDEBFF06} = {32C388F7-C3F6-4891-8E42-26620709C49D}
		{07F4C833-9267-49E5-9CEF-4E6EE81EE10A} = {32C388F7-C3F6-4891-8E42-26620709C49D}
		{19CDE801-8B04-4AF4-87D0-08C4D3A59A97} = {32C388F7-C3F6-4891-8E42-26620709C49D}
		{CDF8E0C3-5E0A-4D4F-BD1B-D5528241243C} = {2EA54890-F020-4417-9C36-6F16349781B5}
		{EE6A647D-8970-478F-9C26-BA0CEF11E4A2} = {62CED83C-15EA-48BA-A11A-DDE399A76A63}
		{8ADF557F-D183-44D5-8D69-FDAF9621A444} = {387ED4E8-C464-4F43-AA91-CE91CDEBFF06}
		{61D5D8A9-DC5C-4D38-BD7F-AE6D3AE8AACE} = {387ED4E8-C464-4F43-AA91-CE91CDEBFF06}
		{EAF9C0AB-4115-4718-B71B-AAAD52B38257} = {07F4C833-9267-49E5-9CEF-4E6EE81EE10A}
		{FECF74CC-D8DB-4A3D-A067-21BBEE417A78} = {19CDE801-8B04-4AF4-87D0-08C4D3A59A97}
		{C0DF77B3-EC43-447D-BDD1-B61581E8857C} = {91E969F8-F419-4B82-A5A3-5711FDE391E7}
		{DC1F4E7D-23EF-4ED3-86BE-EDC9749CC737} = {91E969F8-F419-4B82-A5A3-5711FDE391E7}
		{B2217BD1-A323-4E31-AA20-70A29782775D} = {91E969F8-F419-4B82-A5A3-5711FDE391E7}
		{786CE824-5E32-4429-8FAA-3BD22461C9F4} = {CDF8E0C3-5E0A-4D4F-BD1B-D5528241243C}
	EndGlobalSection
	GlobalSection(ExtensibilityGlobals) = postSolution
		SolutionGuid = {5A3CE215-CDC2-4925-8090-3D5EE63E5FAC}
	EndGlobalSection
EndGlobal
